
Microsoft Visual Studio Solution File, Format Version 12.00
# Visual Studio 15
VisualStudioVersion = 15.0.26730.15
MinimumVisualStudioVersion = 10.0.40219.1
Project("{FAE04EC0-301F-11D3-BF4B-00C04F79EFBC}") = "01. Numbers from 1 to 100", "TestingStuff\01. Numbers from 1 to 100.csproj", "{705EFE4D-64C4-4476-9F21-BDEB35E86E75}"
EndProject
Project("{FAE04EC0-301F-11D3-BF4B-00C04F79EFBC}") = "02. Numbers Ending in 7", "02. Numbers Ending in 7\02. Numbers Ending in 7.csproj", "{0D086D32-5C7B-48C1-AA45-61C4C5E69E15}"
EndProject
Project("{FAE04EC0-301F-11D3-BF4B-00C04F79EFBC}") = "03. Latin Letters", "03. Latin Letters\03. Latin Letters.csproj", "{4E5581EA-4F4A-4BDE-AB70-94D76741B14A}"
EndProject
Project("{FAE04EC0-301F-11D3-BF4B-00C04F79EFBC}") = "04. Sum Numbers", "04. Sum Numbers\04. Sum Numbers.csproj", "{E254CA3A-7441-431B-BD33-A79224270D3A}"
EndProject
Project("{FAE04EC0-301F-11D3-BF4B-00C04F79EFBC}") = "05. Max Number", "05. Max Number\05. Max Number.csproj", "{37105A09-CBB7-4028-9A9A-657A1E7CFDE0}"
EndProject
Project("{FAE04EC0-301F-11D3-BF4B-00C04F79EFBC}") = "06. Min Number", "06. Min Number\06. Min Number.csproj", "{07426C4F-CE7A-4B44-B78D-79CA977C64FD}"
EndProject
Project("{FAE04EC0-301F-11D3-BF4B-00C04F79EFBC}") = "07. Left and Right Sum", "07. Left and Right Sum\07. Left and Right Sum.csproj", "{933386F1-2496-4C90-A543-0EC5FDBD0813}"
EndProject
Project("{FAE04EC0-301F-11D3-BF4B-00C04F79EFBC}") = "08. Odd Even Sum", "08. Odd Even Sum\08. Odd Even Sum.csproj", "{B72464F5-3C5B-47D6-B401-BD48ED4E2D62}"
EndProject
Project("{FAE04EC0-301F-11D3-BF4B-00C04F79EFBC}") = "09. Vowels Sum", "09. Vowels Sum\09. Vowels Sum.csproj", "{787732FE-C1E5-42CF-A420-73FEBB1DF6CE}"
EndProject
Project("{FAE04EC0-301F-11D3-BF4B-00C04F79EFBC}") = "10. Half Sum Element", "10. Half Sum Element\10. Half Sum Element.csproj", "{6ACDD375-8DBE-4459-9B3B-A5DE97E4DA29}"
EndProject
Project("{FAE04EC0-301F-11D3-BF4B-00C04F79EFBC}") = "11. Odd or Even Position", "11. Odd or Even Position\11. Odd or Even Position.csproj", "{00268E3F-7A15-4E58-A93E-AC58B8350609}"
EndProject
Project("{FAE04EC0-301F-11D3-BF4B-00C04F79EFBC}") = "12. Equal Pairs", "12. Equal Pairs\12. Equal Pairs.csproj", "{2FD89F3B-B4C7-44CB-A061-F418A4A94B62}"
EndProject
Global
	GlobalSection(SolutionConfigurationPlatforms) = preSolution
		Debug|Any CPU = Debug|Any CPU
		Release|Any CPU = Release|Any CPU
	EndGlobalSection
	GlobalSection(ProjectConfigurationPlatforms) = postSolution
		{705EFE4D-64C4-4476-9F21-BDEB35E86E75}.Debug|Any CPU.ActiveCfg = Debug|Any CPU
		{705EFE4D-64C4-4476-9F21-BDEB35E86E75}.Debug|Any CPU.Build.0 = Debug|Any CPU
		{705EFE4D-64C4-4476-9F21-BDEB35E86E75}.Release|Any CPU.ActiveCfg = Release|Any CPU
		{705EFE4D-64C4-4476-9F21-BDEB35E86E75}.Release|Any CPU.Build.0 = Release|Any CPU
		{0D086D32-5C7B-48C1-AA45-61C4C5E69E15}.Debug|Any CPU.ActiveCfg = Debug|Any CPU
		{0D086D32-5C7B-48C1-AA45-61C4C5E69E15}.Debug|Any CPU.Build.0 = Debug|Any CPU
		{0D086D32-5C7B-48C1-AA45-61C4C5E69E15}.Release|Any CPU.ActiveCfg = Release|Any CPU
		{0D086D32-5C7B-48C1-AA45-61C4C5E69E15}.Release|Any CPU.Build.0 = Release|Any CPU
		{4E5581EA-4F4A-4BDE-AB70-94D76741B14A}.Debug|Any CPU.ActiveCfg = Debug|Any CPU
		{4E5581EA-4F4A-4BDE-AB70-94D76741B14A}.Debug|Any CPU.Build.0 = Debug|Any CPU
		{4E5581EA-4F4A-4BDE-AB70-94D76741B14A}.Release|Any CPU.ActiveCfg = Release|Any CPU
		{4E5581EA-4F4A-4BDE-AB70-94D76741B14A}.Release|Any CPU.Build.0 = Release|Any CPU
		{E254CA3A-7441-431B-BD33-A79224270D3A}.Debug|Any CPU.ActiveCfg = Debug|Any CPU
		{E254CA3A-7441-431B-BD33-A79224270D3A}.Debug|Any CPU.Build.0 = Debug|Any CPU
		{E254CA3A-7441-431B-BD33-A79224270D3A}.Release|Any CPU.ActiveCfg = Release|Any CPU
		{E254CA3A-7441-431B-BD33-A79224270D3A}.Release|Any CPU.Build.0 = Release|Any CPU
		{37105A09-CBB7-4028-9A9A-657A1E7CFDE0}.Debug|Any CPU.ActiveCfg = Debug|Any CPU
		{37105A09-CBB7-4028-9A9A-657A1E7CFDE0}.Debug|Any CPU.Build.0 = Debug|Any CPU
		{37105A09-CBB7-4028-9A9A-657A1E7CFDE0}.Release|Any CPU.ActiveCfg = Release|Any CPU
		{37105A09-CBB7-4028-9A9A-657A1E7CFDE0}.Release|Any CPU.Build.0 = Release|Any CPU
		{07426C4F-CE7A-4B44-B78D-79CA977C64FD}.Debug|Any CPU.ActiveCfg = Debug|Any CPU
		{07426C4F-CE7A-4B44-B78D-79CA977C64FD}.Debug|Any CPU.Build.0 = Debug|Any CPU
		{07426C4F-CE7A-4B44-B78D-79CA977C64FD}.Release|Any CPU.ActiveCfg = Release|Any CPU
		{07426C4F-CE7A-4B44-B78D-79CA977C64FD}.Release|Any CPU.Build.0 = Release|Any CPU
		{933386F1-2496-4C90-A543-0EC5FDBD0813}.Debug|Any CPU.ActiveCfg = Debug|Any CPU
		{933386F1-2496-4C90-A543-0EC5FDBD0813}.Debug|Any CPU.Build.0 = Debug|Any CPU
		{933386F1-2496-4C90-A543-0EC5FDBD0813}.Release|Any CPU.ActiveCfg = Release|Any CPU
		{933386F1-2496-4C90-A543-0EC5FDBD0813}.Release|Any CPU.Build.0 = Release|Any CPU
		{B72464F5-3C5B-47D6-B401-BD48ED4E2D62}.Debug|Any CPU.ActiveCfg = Debug|Any CPU
		{B72464F5-3C5B-47D6-B401-BD48ED4E2D62}.Debug|Any CPU.Build.0 = Debug|Any CPU
		{B72464F5-3C5B-47D6-B401-BD48ED4E2D62}.Release|Any CPU.ActiveCfg = Release|Any CPU
		{B72464F5-3C5B-47D6-B401-BD48ED4E2D62}.Release|Any CPU.Build.0 = Release|Any CPU
		{787732FE-C1E5-42CF-A420-73FEBB1DF6CE}.Debug|Any CPU.ActiveCfg = Debug|Any CPU
		{787732FE-C1E5-42CF-A420-73FEBB1DF6CE}.Debug|Any CPU.Build.0 = Debug|Any CPU
		{787732FE-C1E5-42CF-A420-73FEBB1DF6CE}.Release|Any CPU.ActiveCfg = Release|Any CPU
		{787732FE-C1E5-42CF-A420-73FEBB1DF6CE}.Release|Any CPU.Build.0 = Release|Any CPU
		{6ACDD375-8DBE-4459-9B3B-A5DE97E4DA29}.Debug|Any CPU.ActiveCfg = Debug|Any CPU
		{6ACDD375-8DBE-4459-9B3B-A5DE97E4DA29}.Debug|Any CPU.Build.0 = Debug|Any CPU
		{6ACDD375-8DBE-4459-9B3B-A5DE97E4DA29}.Release|Any CPU.ActiveCfg = Release|Any CPU
		{6ACDD375-8DBE-4459-9B3B-A5DE97E4DA29}.Release|Any CPU.Build.0 = Release|Any CPU
		{00268E3F-7A15-4E58-A93E-AC58B8350609}.Debug|Any CPU.ActiveCfg = Debug|Any CPU
		{00268E3F-7A15-4E58-A93E-AC58B8350609}.Debug|Any CPU.Build.0 = Debug|Any CPU
		{00268E3F-7A15-4E58-A93E-AC58B8350609}.Release|Any CPU.ActiveCfg = Release|Any CPU
		{00268E3F-7A15-4E58-A93E-AC58B8350609}.Release|Any CPU.Build.0 = Release|Any CPU
		{2FD89F3B-B4C7-44CB-A061-F418A4A94B62}.Debug|Any CPU.ActiveCfg = Debug|Any CPU
		{2FD89F3B-B4C7-44CB-A061-F418A4A94B62}.Debug|Any CPU.Build.0 = Debug|Any CPU
		{2FD89F3B-B4C7-44CB-A061-F418A4A94B62}.Release|Any CPU.ActiveCfg = Release|Any CPU
		{2FD89F3B-B4C7-44CB-A061-F418A4A94B62}.Release|Any CPU.Build.0 = Release|Any CPU
	EndGlobalSection
	GlobalSection(SolutionProperties) = preSolution
		HideSolutionNode = FALSE
	EndGlobalSection
	GlobalSection(ExtensibilityGlobals) = postSolution
		SolutionGuid = {D8829C0E-05EE-4056-877D-3857DFB56BCE}
	EndGlobalSection
EndGlobal
