
Microsoft Visual Studio Solution File, Format Version 12.00
# Visual Studio 15
VisualStudioVersion = 15.0.27428.2005
MinimumVisualStudioVersion = 10.0.40219.1
Project("{9A19103F-16F7-4668-BE54-9A1E7A4F7556}") = "1-2.ListyIterator", "1. ListyIterator\1-2.ListyIterator.csproj", "{04492F6E-BA8B-4D21-B5A2-81F37385F7A2}"
EndProject
Project("{9A19103F-16F7-4668-BE54-9A1E7A4F7556}") = "3.Stack", "3.Stack\3.Stack.csproj", "{55961807-1578-4E7A-9610-12BE0536A7E2}"
EndProject
Project("{9A19103F-16F7-4668-BE54-9A1E7A4F7556}") = "4.Froggy", "Froggy\4.Froggy.csproj", "{C221A82F-4DC6-44B2-9733-C36A79054A0F}"
EndProject
Project("{9A19103F-16F7-4668-BE54-9A1E7A4F7556}") = "5.ComparingObjects", "5. Comparing Objects\5.ComparingObjects.csproj", "{D5D73761-53E1-492E-8E8C-ACC2A33BA3E8}"
EndProject
Project("{9A19103F-16F7-4668-BE54-9A1E7A4F7556}") = "6.StrategyPattern", "6.Strategy Pattern\6.StrategyPattern.csproj", "{2CEB1366-75E1-493D-B5CB-6125D447D859}"
EndProject
Project("{9A19103F-16F7-4668-BE54-9A1E7A4F7556}") = "7.EqualityLogic", "Equality Logic\7.EqualityLogic.csproj", "{E3F6013B-F0F3-4628-BC61-D2020C0B116E}"
EndProject
Project("{9A19103F-16F7-4668-BE54-9A1E7A4F7556}") = "8.PetClinic", "8.Pet Clinic\8.PetClinic.csproj", "{3FFBE919-CE52-43B9-A1F9-04E3B1922A40}"
EndProject
Project("{FAE04EC0-301F-11D3-BF4B-00C04F79EFBC}") = "9.LinkedListTraversal", "9.Linked List Traversal\9.LinkedListTraversal.csproj", "{148A1C3D-5F4C-4281-81BA-27F62C572824}"
EndProject
Global
	GlobalSection(SolutionConfigurationPlatforms) = preSolution
		Debug|Any CPU = Debug|Any CPU
		Release|Any CPU = Release|Any CPU
	EndGlobalSection
	GlobalSection(ProjectConfigurationPlatforms) = postSolution
		{04492F6E-BA8B-4D21-B5A2-81F37385F7A2}.Debug|Any CPU.ActiveCfg = Debug|Any CPU
		{04492F6E-BA8B-4D21-B5A2-81F37385F7A2}.Debug|Any CPU.Build.0 = Debug|Any CPU
		{04492F6E-BA8B-4D21-B5A2-81F37385F7A2}.Release|Any CPU.ActiveCfg = Release|Any CPU
		{04492F6E-BA8B-4D21-B5A2-81F37385F7A2}.Release|Any CPU.Build.0 = Release|Any CPU
		{55961807-1578-4E7A-9610-12BE0536A7E2}.Debug|Any CPU.ActiveCfg = Debug|Any CPU
		{55961807-1578-4E7A-9610-12BE0536A7E2}.Debug|Any CPU.Build.0 = Debug|Any CPU
		{55961807-1578-4E7A-9610-12BE0536A7E2}.Release|Any CPU.ActiveCfg = Release|Any CPU
		{55961807-1578-4E7A-9610-12BE0536A7E2}.Release|Any CPU.Build.0 = Release|Any CPU
		{C221A82F-4DC6-44B2-9733-C36A79054A0F}.Debug|Any CPU.ActiveCfg = Debug|Any CPU
		{C221A82F-4DC6-44B2-9733-C36A79054A0F}.Debug|Any CPU.Build.0 = Debug|Any CPU
		{C221A82F-4DC6-44B2-9733-C36A79054A0F}.Release|Any CPU.ActiveCfg = Release|Any CPU
		{C221A82F-4DC6-44B2-9733-C36A79054A0F}.Release|Any CPU.Build.0 = Release|Any CPU
		{D5D73761-53E1-492E-8E8C-ACC2A33BA3E8}.Debug|Any CPU.ActiveCfg = Debug|Any CPU
		{D5D73761-53E1-492E-8E8C-ACC2A33BA3E8}.Debug|Any CPU.Build.0 = Debug|Any CPU
		{D5D73761-53E1-492E-8E8C-ACC2A33BA3E8}.Release|Any CPU.ActiveCfg = Release|Any CPU
		{D5D73761-53E1-492E-8E8C-ACC2A33BA3E8}.Release|Any CPU.Build.0 = Release|Any CPU
		{2CEB1366-75E1-493D-B5CB-6125D447D859}.Debug|Any CPU.ActiveCfg = Debug|Any CPU
		{2CEB1366-75E1-493D-B5CB-6125D447D859}.Debug|Any CPU.Build.0 = Debug|Any CPU
		{2CEB1366-75E1-493D-B5CB-6125D447D859}.Release|Any CPU.ActiveCfg = Release|Any CPU
		{2CEB1366-75E1-493D-B5CB-6125D447D859}.Release|Any CPU.Build.0 = Release|Any CPU
		{E3F6013B-F0F3-4628-BC61-D2020C0B116E}.Debug|Any CPU.ActiveCfg = Debug|Any CPU
		{E3F6013B-F0F3-4628-BC61-D2020C0B116E}.Debug|Any CPU.Build.0 = Debug|Any CPU
		{E3F6013B-F0F3-4628-BC61-D2020C0B116E}.Release|Any CPU.ActiveCfg = Release|Any CPU
		{E3F6013B-F0F3-4628-BC61-D2020C0B116E}.Release|Any CPU.Build.0 = Release|Any CPU
		{3FFBE919-CE52-43B9-A1F9-04E3B1922A40}.Debug|Any CPU.ActiveCfg = Debug|Any CPU
		{3FFBE919-CE52-43B9-A1F9-04E3B1922A40}.Debug|Any CPU.Build.0 = Debug|Any CPU
		{3FFBE919-CE52-43B9-A1F9-04E3B1922A40}.Release|Any CPU.ActiveCfg = Release|Any CPU
		{3FFBE919-CE52-43B9-A1F9-04E3B1922A40}.Release|Any CPU.Build.0 = Release|Any CPU
		{148A1C3D-5F4C-4281-81BA-27F62C572824}.Debug|Any CPU.ActiveCfg = Debug|Any CPU
		{148A1C3D-5F4C-4281-81BA-27F62C572824}.Debug|Any CPU.Build.0 = Debug|Any CPU
		{148A1C3D-5F4C-4281-81BA-27F62C572824}.Release|Any CPU.ActiveCfg = Release|Any CPU
		{148A1C3D-5F4C-4281-81BA-27F62C572824}.Release|Any CPU.Build.0 = Release|Any CPU
	EndGlobalSection
	GlobalSection(SolutionProperties) = preSolution
		HideSolutionNode = FALSE
	EndGlobalSection
	GlobalSection(ExtensibilityGlobals) = postSolution
		SolutionGuid = {9E329550-12AB-437C-9A9A-7F9E675BC353}
	EndGlobalSection
EndGlobal
