
Microsoft Visual Studio Solution File, Format Version 12.00
# Visual Studio 15
VisualStudioVersion = 15.0.26730.15
MinimumVisualStudioVersion = 10.0.40219.1
Project("{FAE04EC0-301F-11D3-BF4B-00C04F79EFBC}") = "Data Types and Variables", "Data Types and Variables\Data Types and Variables.csproj", "{ACD99183-CCB4-4D0C-832B-A9ED152F9AB1}"
EndProject
Project("{FAE04EC0-301F-11D3-BF4B-00C04F79EFBC}") = "Circle Area (12 digits presicion)", "Circle Area (12 digits presicion)\Circle Area (12 digits presicion).csproj", "{C3226688-97D2-4B25-BC30-CC6CFE2BC622}"
EndProject
Project("{FAE04EC0-301F-11D3-BF4B-00C04F79EFBC}") = "Exact Sum of Real Numbers", "Exact Sum of Real Numbers\Exact Sum of Real Numbers.csproj", "{ADCF5795-4F39-4B1B-A9A3-75A51F840F14}"
EndProject
Project("{FAE04EC0-301F-11D3-BF4B-00C04F79EFBC}") = "Elevator", "Elevator\Elevator.csproj", "{662CBD22-593B-43BA-AC69-502865F6C345}"
EndProject
Project("{FAE04EC0-301F-11D3-BF4B-00C04F79EFBC}") = "SpecialNumbers", "SpecialNumbers\SpecialNumbers.csproj", "{BC7D6A33-A054-424C-A985-5CF213DC2FD1}"
EndProject
Project("{FAE04EC0-301F-11D3-BF4B-00C04F79EFBC}") = "Triples of Latin Letters", "Triples of Latin Letters\Triples of Latin Letters.csproj", "{76205AF7-3EC8-4EE7-9C0B-7B71FE3F51EB}"
EndProject
Project("{FAE04EC0-301F-11D3-BF4B-00C04F79EFBC}") = "Greeting", "Greeting\Greeting.csproj", "{02E1B942-444D-4031-BFDD-5870F0C17B05}"
EndProject
Project("{FAE04EC0-301F-11D3-BF4B-00C04F79EFBC}") = "Refactor Volume of Pyramid", "Refactor Volume of Pyramid\Refactor Volume of Pyramid.csproj", "{3DEBD4F9-56D3-4A52-B86F-0E98FE4C55C5}"
EndProject
Project("{FAE04EC0-301F-11D3-BF4B-00C04F79EFBC}") = "Refactor Special Numbers", "Refactor Special Numbers\Refactor Special Numbers.csproj", "{49C7DDFA-EC2D-4298-A3B8-58FA96818CC8}"
EndProject
Global
	GlobalSection(SolutionConfigurationPlatforms) = preSolution
		Debug|Any CPU = Debug|Any CPU
		Release|Any CPU = Release|Any CPU
	EndGlobalSection
	GlobalSection(ProjectConfigurationPlatforms) = postSolution
		{ACD99183-CCB4-4D0C-832B-A9ED152F9AB1}.Debug|Any CPU.ActiveCfg = Debug|Any CPU
		{ACD99183-CCB4-4D0C-832B-A9ED152F9AB1}.Debug|Any CPU.Build.0 = Debug|Any CPU
		{ACD99183-CCB4-4D0C-832B-A9ED152F9AB1}.Release|Any CPU.ActiveCfg = Release|Any CPU
		{ACD99183-CCB4-4D0C-832B-A9ED152F9AB1}.Release|Any CPU.Build.0 = Release|Any CPU
		{C3226688-97D2-4B25-BC30-CC6CFE2BC622}.Debug|Any CPU.ActiveCfg = Debug|Any CPU
		{C3226688-97D2-4B25-BC30-CC6CFE2BC622}.Debug|Any CPU.Build.0 = Debug|Any CPU
		{C3226688-97D2-4B25-BC30-CC6CFE2BC622}.Release|Any CPU.ActiveCfg = Release|Any CPU
		{C3226688-97D2-4B25-BC30-CC6CFE2BC622}.Release|Any CPU.Build.0 = Release|Any CPU
		{ADCF5795-4F39-4B1B-A9A3-75A51F840F14}.Debug|Any CPU.ActiveCfg = Debug|Any CPU
		{ADCF5795-4F39-4B1B-A9A3-75A51F840F14}.Debug|Any CPU.Build.0 = Debug|Any CPU
		{ADCF5795-4F39-4B1B-A9A3-75A51F840F14}.Release|Any CPU.ActiveCfg = Release|Any CPU
		{ADCF5795-4F39-4B1B-A9A3-75A51F840F14}.Release|Any CPU.Build.0 = Release|Any CPU
		{662CBD22-593B-43BA-AC69-502865F6C345}.Debug|Any CPU.ActiveCfg = Debug|Any CPU
		{662CBD22-593B-43BA-AC69-502865F6C345}.Debug|Any CPU.Build.0 = Debug|Any CPU
		{662CBD22-593B-43BA-AC69-502865F6C345}.Release|Any CPU.ActiveCfg = Release|Any CPU
		{662CBD22-593B-43BA-AC69-502865F6C345}.Release|Any CPU.Build.0 = Release|Any CPU
		{BC7D6A33-A054-424C-A985-5CF213DC2FD1}.Debug|Any CPU.ActiveCfg = Debug|Any CPU
		{BC7D6A33-A054-424C-A985-5CF213DC2FD1}.Debug|Any CPU.Build.0 = Debug|Any CPU
		{BC7D6A33-A054-424C-A985-5CF213DC2FD1}.Release|Any CPU.ActiveCfg = Release|Any CPU
		{BC7D6A33-A054-424C-A985-5CF213DC2FD1}.Release|Any CPU.Build.0 = Release|Any CPU
		{76205AF7-3EC8-4EE7-9C0B-7B71FE3F51EB}.Debug|Any CPU.ActiveCfg = Debug|Any CPU
		{76205AF7-3EC8-4EE7-9C0B-7B71FE3F51EB}.Debug|Any CPU.Build.0 = Debug|Any CPU
		{76205AF7-3EC8-4EE7-9C0B-7B71FE3F51EB}.Release|Any CPU.ActiveCfg = Release|Any CPU
		{76205AF7-3EC8-4EE7-9C0B-7B71FE3F51EB}.Release|Any CPU.Build.0 = Release|Any CPU
		{02E1B942-444D-4031-BFDD-5870F0C17B05}.Debug|Any CPU.ActiveCfg = Debug|Any CPU
		{02E1B942-444D-4031-BFDD-5870F0C17B05}.Debug|Any CPU.Build.0 = Debug|Any CPU
		{02E1B942-444D-4031-BFDD-5870F0C17B05}.Release|Any CPU.ActiveCfg = Release|Any CPU
		{02E1B942-444D-4031-BFDD-5870F0C17B05}.Release|Any CPU.Build.0 = Release|Any CPU
		{3DEBD4F9-56D3-4A52-B86F-0E98FE4C55C5}.Debug|Any CPU.ActiveCfg = Debug|Any CPU
		{3DEBD4F9-56D3-4A52-B86F-0E98FE4C55C5}.Debug|Any CPU.Build.0 = Debug|Any CPU
		{3DEBD4F9-56D3-4A52-B86F-0E98FE4C55C5}.Release|Any CPU.ActiveCfg = Release|Any CPU
		{3DEBD4F9-56D3-4A52-B86F-0E98FE4C55C5}.Release|Any CPU.Build.0 = Release|Any CPU
		{49C7DDFA-EC2D-4298-A3B8-58FA96818CC8}.Debug|Any CPU.ActiveCfg = Debug|Any CPU
		{49C7DDFA-EC2D-4298-A3B8-58FA96818CC8}.Debug|Any CPU.Build.0 = Debug|Any CPU
		{49C7DDFA-EC2D-4298-A3B8-58FA96818CC8}.Release|Any CPU.ActiveCfg = Release|Any CPU
		{49C7DDFA-EC2D-4298-A3B8-58FA96818CC8}.Release|Any CPU.Build.0 = Release|Any CPU
	EndGlobalSection
	GlobalSection(SolutionProperties) = preSolution
		HideSolutionNode = FALSE
	EndGlobalSection
	GlobalSection(ExtensibilityGlobals) = postSolution
		SolutionGuid = {12BA6E7C-7794-4E65-9217-94E625B068B3}
	EndGlobalSection
EndGlobal
