
Microsoft Visual Studio Solution File, Format Version 12.00
# Visual Studio 15
VisualStudioVersion = 15.0.27004.2008
MinimumVisualStudioVersion = 10.0.40219.1
Project("{FAE04EC0-301F-11D3-BF4B-00C04F79EFBC}") = "Square Of Stars", "Figures With For Loops\Square Of Stars.csproj", "{D14FD27E-4DAC-4F76-8F2F-3D543D34E502}"
EndProject
Project("{FAE04EC0-301F-11D3-BF4B-00C04F79EFBC}") = "Triangle of Dollars", "Triangle of Dollars\Triangle of Dollars.csproj", "{93A339D0-5C45-463C-B41E-89020302B4C4}"
EndProject
Project("{FAE04EC0-301F-11D3-BF4B-00C04F79EFBC}") = "Rectangle of 10 x 10 Stars", "Rectangle of 10 x 10 Stars\Rectangle of 10 x 10 Stars.csproj", "{392B756E-663A-4337-BEEC-4665C80F5515}"
EndProject
Project("{FAE04EC0-301F-11D3-BF4B-00C04F79EFBC}") = "Rectangle of N x N Stars", "Rectangle of N x N Stars\Rectangle of N x N Stars.csproj", "{645C0727-5C8C-4CE3-80FA-C9CFEC56119E}"
EndProject
Project("{FAE04EC0-301F-11D3-BF4B-00C04F79EFBC}") = "Square Frame", "Square Frame\Square Frame.csproj", "{E10A3086-2861-4F83-8BB5-9D464304DB96}"
EndProject
Project("{FAE04EC0-301F-11D3-BF4B-00C04F79EFBC}") = "Christmas Tree", "Rhombus of Stars\Christmas Tree.csproj", "{39483542-EEC0-4757-85A7-8AAB4823D1C1}"
EndProject
Project("{FAE04EC0-301F-11D3-BF4B-00C04F79EFBC}") = "Sunglasses", "Sunglasses\Sunglasses.csproj", "{448CB479-D562-4672-878F-52A5ED1507E1}"
EndProject
Global
	GlobalSection(SolutionConfigurationPlatforms) = preSolution
		Debug|Any CPU = Debug|Any CPU
		Release|Any CPU = Release|Any CPU
	EndGlobalSection
	GlobalSection(ProjectConfigurationPlatforms) = postSolution
		{D14FD27E-4DAC-4F76-8F2F-3D543D34E502}.Debug|Any CPU.ActiveCfg = Debug|Any CPU
		{D14FD27E-4DAC-4F76-8F2F-3D543D34E502}.Debug|Any CPU.Build.0 = Debug|Any CPU
		{D14FD27E-4DAC-4F76-8F2F-3D543D34E502}.Release|Any CPU.ActiveCfg = Release|Any CPU
		{D14FD27E-4DAC-4F76-8F2F-3D543D34E502}.Release|Any CPU.Build.0 = Release|Any CPU
		{93A339D0-5C45-463C-B41E-89020302B4C4}.Debug|Any CPU.ActiveCfg = Debug|Any CPU
		{93A339D0-5C45-463C-B41E-89020302B4C4}.Debug|Any CPU.Build.0 = Debug|Any CPU
		{93A339D0-5C45-463C-B41E-89020302B4C4}.Release|Any CPU.ActiveCfg = Release|Any CPU
		{93A339D0-5C45-463C-B41E-89020302B4C4}.Release|Any CPU.Build.0 = Release|Any CPU
		{392B756E-663A-4337-BEEC-4665C80F5515}.Debug|Any CPU.ActiveCfg = Debug|Any CPU
		{392B756E-663A-4337-BEEC-4665C80F5515}.Debug|Any CPU.Build.0 = Debug|Any CPU
		{392B756E-663A-4337-BEEC-4665C80F5515}.Release|Any CPU.ActiveCfg = Release|Any CPU
		{392B756E-663A-4337-BEEC-4665C80F5515}.Release|Any CPU.Build.0 = Release|Any CPU
		{645C0727-5C8C-4CE3-80FA-C9CFEC56119E}.Debug|Any CPU.ActiveCfg = Debug|Any CPU
		{645C0727-5C8C-4CE3-80FA-C9CFEC56119E}.Debug|Any CPU.Build.0 = Debug|Any CPU
		{645C0727-5C8C-4CE3-80FA-C9CFEC56119E}.Release|Any CPU.ActiveCfg = Release|Any CPU
		{645C0727-5C8C-4CE3-80FA-C9CFEC56119E}.Release|Any CPU.Build.0 = Release|Any CPU
		{E10A3086-2861-4F83-8BB5-9D464304DB96}.Debug|Any CPU.ActiveCfg = Debug|Any CPU
		{E10A3086-2861-4F83-8BB5-9D464304DB96}.Debug|Any CPU.Build.0 = Debug|Any CPU
		{E10A3086-2861-4F83-8BB5-9D464304DB96}.Release|Any CPU.ActiveCfg = Release|Any CPU
		{E10A3086-2861-4F83-8BB5-9D464304DB96}.Release|Any CPU.Build.0 = Release|Any CPU
		{39483542-EEC0-4757-85A7-8AAB4823D1C1}.Debug|Any CPU.ActiveCfg = Debug|Any CPU
		{39483542-EEC0-4757-85A7-8AAB4823D1C1}.Debug|Any CPU.Build.0 = Debug|Any CPU
		{39483542-EEC0-4757-85A7-8AAB4823D1C1}.Release|Any CPU.ActiveCfg = Release|Any CPU
		{39483542-EEC0-4757-85A7-8AAB4823D1C1}.Release|Any CPU.Build.0 = Release|Any CPU
		{448CB479-D562-4672-878F-52A5ED1507E1}.Debug|Any CPU.ActiveCfg = Debug|Any CPU
		{448CB479-D562-4672-878F-52A5ED1507E1}.Debug|Any CPU.Build.0 = Debug|Any CPU
		{448CB479-D562-4672-878F-52A5ED1507E1}.Release|Any CPU.ActiveCfg = Release|Any CPU
		{448CB479-D562-4672-878F-52A5ED1507E1}.Release|Any CPU.Build.0 = Release|Any CPU
	EndGlobalSection
	GlobalSection(SolutionProperties) = preSolution
		HideSolutionNode = FALSE
	EndGlobalSection
	GlobalSection(ExtensibilityGlobals) = postSolution
		SolutionGuid = {D461607B-352F-45C0-B210-20FC0C0CACAE}
	EndGlobalSection
EndGlobal
