
Microsoft Visual Studio Solution File, Format Version 12.00
# Visual Studio 15
VisualStudioVersion = 15.0.26730.15
MinimumVisualStudioVersion = 10.0.40219.1
Project("{FAE04EC0-301F-11D3-BF4B-00C04F79EFBC}") = "Icarus", "Icarus\Icarus.csproj", "{E53A491F-4573-4F55-AEE9-82F1295A4FBE}"
EndProject
Global
	GlobalSection(SolutionConfigurationPlatforms) = preSolution
		Debug|Any CPU = Debug|Any CPU
		Release|Any CPU = Release|Any CPU
	EndGlobalSection
	GlobalSection(ProjectConfigurationPlatforms) = postSolution
		{E53A491F-4573-4F55-AEE9-82F1295A4FBE}.Debug|Any CPU.ActiveCfg = Debug|Any CPU
		{E53A491F-4573-4F55-AEE9-82F1295A4FBE}.Debug|Any CPU.Build.0 = Debug|Any CPU
		{E53A491F-4573-4F55-AEE9-82F1295A4FBE}.Release|Any CPU.ActiveCfg = Release|Any CPU
		{E53A491F-4573-4F55-AEE9-82F1295A4FBE}.Release|Any CPU.Build.0 = Release|Any CPU
	EndGlobalSection
	GlobalSection(SolutionProperties) = preSolution
		HideSolutionNode = FALSE
	EndGlobalSection
	GlobalSection(ExtensibilityGlobals) = postSolution
		SolutionGuid = {B8314DBA-6688-45FD-B573-EDF5A49818CF}
	EndGlobalSection
EndGlobal
